// !$*UTF8*$!
{
	archiveVersion = 1;
	classes = {
	};
	objectVersion = 56;
	objects = {

/* Begin PBXBuildFile section */
		0268B13D2A68265800387DFB /* PoliticalQuiz.swift in Sources */ = {isa = PBXBuildFile; fileRef = 0268B13C2A68265800387DFB /* PoliticalQuiz.swift */; };
		0268B13F2A682C8D00387DFB /* ChooseState.swift in Sources */ = {isa = PBXBuildFile; fileRef = 0268B13E2A682C8D00387DFB /* ChooseState.swift */; };
		0268B1412A682D4900387DFB /* Connecticut.swift in Sources */ = {isa = PBXBuildFile; fileRef = 0268B1402A682D4800387DFB /* Connecticut.swift */; };
		0268B1432A682D7200387DFB /* NewJersey.swift in Sources */ = {isa = PBXBuildFile; fileRef = 0268B1422A682D7100387DFB /* NewJersey.swift */; };
		0268B1472A682DA800387DFB /* NewYork.swift in Sources */ = {isa = PBXBuildFile; fileRef = 0268B1462A682DA800387DFB /* NewYork.swift */; };
		0268B1492A685C9400387DFB /* NJCongress.swift in Sources */ = {isa = PBXBuildFile; fileRef = 0268B1482A685C9400387DFB /* NJCongress.swift */; };
		0268B14B2A68643100387DFB /* NYCongress.swift in Sources */ = {isa = PBXBuildFile; fileRef = 0268B14A2A68643100387DFB /* NYCongress.swift */; };
		0268B14D2A6864F400387DFB /* ConnecticutCongress.swift in Sources */ = {isa = PBXBuildFile; fileRef = 0268B14C2A6864F400387DFB /* ConnecticutCongress.swift */; };
		0268B14F2A69850500387DFB /* PoliticalQuizQ2.swift in Sources */ = {isa = PBXBuildFile; fileRef = 0268B14E2A69850500387DFB /* PoliticalQuizQ2.swift */; };
		0268B1512A6986DF00387DFB /* PoliticalQuizQ3.swift in Sources */ = {isa = PBXBuildFile; fileRef = 0268B1502A6986DF00387DFB /* PoliticalQuizQ3.swift */; };
		0268B1532A69876800387DFB /* PoliticalQuizQ4.swift in Sources */ = {isa = PBXBuildFile; fileRef = 0268B1522A69876800387DFB /* PoliticalQuizQ4.swift */; };
		0268B1552A6987B900387DFB /* PoliticalQuizQ5.swift in Sources */ = {isa = PBXBuildFile; fileRef = 0268B1542A6987B900387DFB /* PoliticalQuizQ5.swift */; };
		0268B1572A69881F00387DFB /* QuizResults.swift in Sources */ = {isa = PBXBuildFile; fileRef = 0268B1562A69881F00387DFB /* QuizResults.swift */; };
		02AF229A2A6592ED00304857 /* FinalProjectApp.swift in Sources */ = {isa = PBXBuildFile; fileRef = 02AF22992A6592ED00304857 /* FinalProjectApp.swift */; };
		02AF229C2A6592ED00304857 /* ContentView.swift in Sources */ = {isa = PBXBuildFile; fileRef = 02AF229B2A6592ED00304857 /* ContentView.swift */; };
		02AF229E2A6592EF00304857 /* Assets.xcassets in Resources */ = {isa = PBXBuildFile; fileRef = 02AF229D2A6592EF00304857 /* Assets.xcassets */; };
		02AF22A12A6592EF00304857 /* Preview Assets.xcassets in Resources */ = {isa = PBXBuildFile; fileRef = 02AF22A02A6592EF00304857 /* Preview Assets.xcassets */; };
/* End PBXBuildFile section */

/* Begin PBXFileReference section */
		0268B13C2A68265800387DFB /* PoliticalQuiz.swift */ = {isa = PBXFileReference; lastKnownFileType = sourcecode.swift; path = PoliticalQuiz.swift; sourceTree = "<group>"; };
		0268B13E2A682C8D00387DFB /* ChooseState.swift */ = {isa = PBXFileReference; lastKnownFileType = sourcecode.swift; path = ChooseState.swift; sourceTree = "<group>"; };
		0268B1402A682D4800387DFB /* Connecticut.swift */ = {isa = PBXFileReference; lastKnownFileType = sourcecode.swift; path = Connecticut.swift; sourceTree = "<group>"; };
		0268B1422A682D7100387DFB /* NewJersey.swift */ = {isa = PBXFileReference; lastKnownFileType = sourcecode.swift; path = NewJersey.swift; sourceTree = "<group>"; };
		0268B1462A682DA800387DFB /* NewYork.swift */ = {isa = PBXFileReference; lastKnownFileType = sourcecode.swift; path = NewYork.swift; sourceTree = "<group>"; };
		0268B1482A685C9400387DFB /* NJCongress.swift */ = {isa = PBXFileReference; lastKnownFileType = sourcecode.swift; path = NJCongress.swift; sourceTree = "<group>"; };
		0268B14A2A68643100387DFB /* NYCongress.swift */ = {isa = PBXFileReference; lastKnownFileType = sourcecode.swift; path = NYCongress.swift; sourceTree = "<group>"; };
		0268B14C2A6864F400387DFB /* ConnecticutCongress.swift */ = {isa = PBXFileReference; lastKnownFileType = sourcecode.swift; path = ConnecticutCongress.swift; sourceTree = "<group>"; };
		0268B14E2A69850500387DFB /* PoliticalQuizQ2.swift */ = {isa = PBXFileReference; lastKnownFileType = sourcecode.swift; path = PoliticalQuizQ2.swift; sourceTree = "<group>"; };
		0268B1502A6986DF00387DFB /* PoliticalQuizQ3.swift */ = {isa = PBXFileReference; lastKnownFileType = sourcecode.swift; path = PoliticalQuizQ3.swift; sourceTree = "<group>"; };
		0268B1522A69876800387DFB /* PoliticalQuizQ4.swift */ = {isa = PBXFileReference; lastKnownFileType = sourcecode.swift; path = PoliticalQuizQ4.swift; sourceTree = "<group>"; };
		0268B1542A6987B900387DFB /* PoliticalQuizQ5.swift */ = {isa = PBXFileReference; lastKnownFileType = sourcecode.swift; path = PoliticalQuizQ5.swift; sourceTree = "<group>"; };
		0268B1562A69881F00387DFB /* QuizResults.swift */ = {isa = PBXFileReference; lastKnownFileType = sourcecode.swift; path = QuizResults.swift; sourceTree = "<group>"; };
		02AF22962A6592ED00304857 /* FinalProject.app */ = {isa = PBXFileReference; explicitFileType = wrapper.application; includeInIndex = 0; path = FinalProject.app; sourceTree = BUILT_PRODUCTS_DIR; };
		02AF22992A6592ED00304857 /* FinalProjectApp.swift */ = {isa = PBXFileReference; lastKnownFileType = sourcecode.swift; path = FinalProjectApp.swift; sourceTree = "<group>"; };
		02AF229B2A6592ED00304857 /* ContentView.swift */ = {isa = PBXFileReference; lastKnownFileType = sourcecode.swift; path = ContentView.swift; sourceTree = "<group>"; };
		02AF229D2A6592EF00304857 /* Assets.xcassets */ = {isa = PBXFileReference; lastKnownFileType = folder.assetcatalog; path = Assets.xcassets; sourceTree = "<group>"; };
		02AF22A02A6592EF00304857 /* Preview Assets.xcassets */ = {isa = PBXFileReference; lastKnownFileType = folder.assetcatalog; path = "Preview Assets.xcassets"; sourceTree = "<group>"; };
/* End PBXFileReference section */

/* Begin PBXFrameworksBuildPhase section */
		02AF22932A6592ED00304857 /* Frameworks */ = {
			isa = PBXFrameworksBuildPhase;
			buildActionMask = 2147483647;
			files = (
			);
			runOnlyForDeploymentPostprocessing = 0;
		};
/* End PBXFrameworksBuildPhase section */

/* Begin PBXGroup section */
		02AF228D2A6592ED00304857 = {
			isa = PBXGroup;
			children = (
				0268B13E2A682C8D00387DFB /* ChooseState.swift */,
				0268B1462A682DA800387DFB /* NewYork.swift */,
				0268B14A2A68643100387DFB /* NYCongress.swift */,
				0268B1422A682D7100387DFB /* NewJersey.swift */,
				0268B1482A685C9400387DFB /* NJCongress.swift */,
				0268B1402A682D4800387DFB /* Connecticut.swift */,
				0268B14C2A6864F400387DFB /* ConnecticutCongress.swift */,
				0268B13C2A68265800387DFB /* PoliticalQuiz.swift */,
				0268B14E2A69850500387DFB /* PoliticalQuizQ2.swift */,
				0268B1502A6986DF00387DFB /* PoliticalQuizQ3.swift */,
				0268B1522A69876800387DFB /* PoliticalQuizQ4.swift */,
				0268B1542A6987B900387DFB /* PoliticalQuizQ5.swift */,
				0268B1562A69881F00387DFB /* QuizResults.swift */,
				02AF22982A6592ED00304857 /* FinalProject */,
				02AF22972A6592ED00304857 /* Products */,
			);
			sourceTree = "<group>";
		};
		02AF22972A6592ED00304857 /* Products */ = {
			isa = PBXGroup;
			children = (
				02AF22962A6592ED00304857 /* FinalProject.app */,
			);
			name = Products;
			sourceTree = "<group>";
		};
		02AF22982A6592ED00304857 /* FinalProject */ = {
			isa = PBXGroup;
			children = (
				02AF22992A6592ED00304857 /* FinalProjectApp.swift */,
				02AF229B2A6592ED00304857 /* ContentView.swift */,
				02AF229D2A6592EF00304857 /* Assets.xcassets */,
				02AF229F2A6592EF00304857 /* Preview Content */,
			);
			path = FinalProject;
			sourceTree = "<group>";
		};
		02AF229F2A6592EF00304857 /* Preview Content */ = {
			isa = PBXGroup;
			children = (
				02AF22A02A6592EF00304857 /* Preview Assets.xcassets */,
			);
			path = "Preview Content";
			sourceTree = "<group>";
		};
/* End PBXGroup section */

/* Begin PBXNativeTarget section */
		02AF22952A6592ED00304857 /* FinalProject */ = {
			isa = PBXNativeTarget;
			buildConfigurationList = 02AF22A42A6592EF00304857 /* Build configuration list for PBXNativeTarget "FinalProject" */;
			buildPhases = (
				02AF22922A6592ED00304857 /* Sources */,
				02AF22932A6592ED00304857 /* Frameworks */,
				02AF22942A6592ED00304857 /* Resources */,
			);
			buildRules = (
			);
			dependencies = (
			);
			name = FinalProject;
			productName = FinalProject;
			productReference = 02AF22962A6592ED00304857 /* FinalProject.app */;
			productType = "com.apple.product-type.application";
		};
/* End PBXNativeTarget section */

/* Begin PBXProject section */
		02AF228E2A6592ED00304857 /* Project object */ = {
			isa = PBXProject;
			attributes = {
				BuildIndependentTargetsInParallel = 1;
				LastSwiftUpdateCheck = 1430;
				LastUpgradeCheck = 1430;
				TargetAttributes = {
					02AF22952A6592ED00304857 = {
						CreatedOnToolsVersion = 14.3.1;
					};
				};
			};
			buildConfigurationList = 02AF22912A6592ED00304857 /* Build configuration list for PBXProject "FinalProject" */;
			compatibilityVersion = "Xcode 14.0";
			developmentRegion = en;
			hasScannedForEncodings = 0;
			knownRegions = (
				en,
				Base,
			);
			mainGroup = 02AF228D2A6592ED00304857;
			productRefGroup = 02AF22972A6592ED00304857 /* Products */;
			projectDirPath = "";
			projectRoot = "";
			targets = (
				02AF22952A6592ED00304857 /* FinalProject */,
			);
		};
/* End PBXProject section */

/* Begin PBXResourcesBuildPhase section */
		02AF22942A6592ED00304857 /* Resources */ = {
			isa = PBXResourcesBuildPhase;
			buildActionMask = 2147483647;
			files = (
				02AF22A12A6592EF00304857 /* Preview Assets.xcassets in Resources */,
				02AF229E2A6592EF00304857 /* Assets.xcassets in Resources */,
			);
			runOnlyForDeploymentPostprocessing = 0;
		};
/* End PBXResourcesBuildPhase section */

/* Begin PBXSourcesBuildPhase section */
		02AF22922A6592ED00304857 /* Sources */ = {
			isa = PBXSourcesBuildPhase;
			buildActionMask = 2147483647;
			files = (
				0268B14B2A68643100387DFB /* NYCongress.swift in Sources */,
				0268B14D2A6864F400387DFB /* ConnecticutCongress.swift in Sources */,
				0268B1512A6986DF00387DFB /* PoliticalQuizQ3.swift in Sources */,
				02AF229C2A6592ED00304857 /* ContentView.swift in Sources */,
				0268B1532A69876800387DFB /* PoliticalQuizQ4.swift in Sources */,
				02AF229A2A6592ED00304857 /* FinalProjectApp.swift in Sources */,
				0268B1472A682DA800387DFB /* NewYork.swift in Sources */,
				0268B1432A682D7200387DFB /* NewJersey.swift in Sources */,
				0268B13F2A682C8D00387DFB /* ChooseState.swift in Sources */,
				0268B13D2A68265800387DFB /* PoliticalQuiz.swift in Sources */,
				0268B1412A682D4900387DFB /* Connecticut.swift in Sources */,
				0268B1572A69881F00387DFB /* QuizResults.swift in Sources */,
				0268B14F2A69850500387DFB /* PoliticalQuizQ2.swift in Sources */,
				0268B1552A6987B900387DFB /* PoliticalQuizQ5.swift in Sources */,
				0268B1492A685C9400387DFB /* NJCongress.swift in Sources */,
			);
			runOnlyForDeploymentPostprocessing = 0;
		};
/* End PBXSourcesBuildPhase section */

/* Begin XCBuildConfiguration section */
		02AF22A22A6592EF00304857 /* Debug */ = {
			isa = XCBuildConfiguration;
			buildSettings = {
				ALWAYS_SEARCH_USER_PATHS = NO;
				CLANG_ANALYZER_NONNULL = YES;
				CLANG_ANALYZER_NUMBER_OBJECT_CONVERSION = YES_AGGRESSIVE;
				CLANG_CXX_LANGUAGE_STANDARD = "gnu++20";
				CLANG_ENABLE_MODULES = YES;
				CLANG_ENABLE_OBJC_ARC = YES;
				CLANG_ENABLE_OBJC_WEAK = YES;
				CLANG_WARN_BLOCK_CAPTURE_AUTORELEASING = YES;
				CLANG_WARN_BOOL_CONVERSION = YES;
				CLANG_WARN_COMMA = YES;
				CLANG_WARN_CONSTANT_CONVERSION = YES;
				CLANG_WARN_DEPRECATED_OBJC_IMPLEMENTATIONS = YES;
				CLANG_WARN_DIRECT_OBJC_ISA_USAGE = YES_ERROR;
				CLANG_WARN_DOCUMENTATION_COMMENTS = YES;
				CLANG_WARN_EMPTY_BODY = YES;
				CLANG_WARN_ENUM_CONVERSION = YES;
				CLANG_WARN_INFINITE_RECURSION = YES;
				CLANG_WARN_INT_CONVERSION = YES;
				CLANG_WARN_NON_LITERAL_NULL_CONVERSION = YES;
				CLANG_WARN_OBJC_IMPLICIT_RETAIN_SELF = YES;
				CLANG_WARN_OBJC_LITERAL_CONVERSION = YES;
				CLANG_WARN_OBJC_ROOT_CLASS = YES_ERROR;
				CLANG_WARN_QUOTED_INCLUDE_IN_FRAMEWORK_HEADER = YES;
				CLANG_WARN_RANGE_LOOP_ANALYSIS = YES;
				CLANG_WARN_STRICT_PROTOTYPES = YES;
				CLANG_WARN_SUSPICIOUS_MOVE = YES;
				CLANG_WARN_UNGUARDED_AVAILABILITY = YES_AGGRESSIVE;
				CLANG_WARN_UNREACHABLE_CODE = YES;
				CLANG_WARN__DUPLICATE_METHOD_MATCH = YES;
				COPY_PHASE_STRIP = NO;
				DEBUG_INFORMATION_FORMAT = dwarf;
				ENABLE_STRICT_OBJC_MSGSEND = YES;
				ENABLE_TESTABILITY = YES;
				GCC_C_LANGUAGE_STANDARD = gnu11;
				GCC_DYNAMIC_NO_PIC = NO;
				GCC_NO_COMMON_BLOCKS = YES;
				GCC_OPTIMIZATION_LEVEL = 0;
				GCC_PREPROCESSOR_DEFINITIONS = (
					"DEBUG=1",
					"$(inherited)",
				);
				GCC_WARN_64_TO_32_BIT_CONVERSION = YES;
				GCC_WARN_ABOUT_RETURN_TYPE = YES_ERROR;
				GCC_WARN_UNDECLARED_SELECTOR = YES;
				GCC_WARN_UNINITIALIZED_AUTOS = YES_AGGRESSIVE;
				GCC_WARN_UNUSED_FUNCTION = YES;
				GCC_WARN_UNUSED_VARIABLE = YES;
				IPHONEOS_DEPLOYMENT_TARGET = 16.4;
				MTL_ENABLE_DEBUG_INFO = INCLUDE_SOURCE;
				MTL_FAST_MATH = YES;
				ONLY_ACTIVE_ARCH = YES;
				SDKROOT = iphoneos;
				SWIFT_ACTIVE_COMPILATION_CONDITIONS = DEBUG;
				SWIFT_OPTIMIZATION_LEVEL = "-Onone";
			};
			name = Debug;
		};
		02AF22A32A6592EF00304857 /* Release */ = {
			isa = XCBuildConfiguration;
			buildSettings = {
				ALWAYS_SEARCH_USER_PATHS = NO;
				CLANG_ANALYZER_NONNULL = YES;
				CLANG_ANALYZER_NUMBER_OBJECT_CONVERSION = YES_AGGRESSIVE;
				CLANG_CXX_LANGUAGE_STANDARD = "gnu++20";
				CLANG_ENABLE_MODULES = YES;
				CLANG_ENABLE_OBJC_ARC = YES;
				CLANG_ENABLE_OBJC_WEAK = YES;
				CLANG_WARN_BLOCK_CAPTURE_AUTORELEASING = YES;
				CLANG_WARN_BOOL_CONVERSION = YES;
				CLANG_WARN_COMMA = YES;
				CLANG_WARN_CONSTANT_CONVERSION = YES;
				CLANG_WARN_DEPRECATED_OBJC_IMPLEMENTATIONS = YES;
				CLANG_WARN_DIRECT_OBJC_ISA_USAGE = YES_ERROR;
				CLANG_WARN_DOCUMENTATION_COMMENTS = YES;
				CLANG_WARN_EMPTY_BODY = YES;
				CLANG_WARN_ENUM_CONVERSION = YES;
				CLANG_WARN_INFINITE_RECURSION = YES;
				CLANG_WARN_INT_CONVERSION = YES;
				CLANG_WARN_NON_LITERAL_NULL_CONVERSION = YES;
				CLANG_WARN_OBJC_IMPLICIT_RETAIN_SELF = YES;
				CLANG_WARN_OBJC_LITERAL_CONVERSION = YES;
				CLANG_WARN_OBJC_ROOT_CLASS = YES_ERROR;
				CLANG_WARN_QUOTED_INCLUDE_IN_FRAMEWORK_HEADER = YES;
				CLANG_WARN_RANGE_LOOP_ANALYSIS = YES;
				CLANG_WARN_STRICT_PROTOTYPES = YES;
				CLANG_WARN_SUSPICIOUS_MOVE = YES;
				CLANG_WARN_UNGUARDED_AVAILABILITY = YES_AGGRESSIVE;
				CLANG_WARN_UNREACHABLE_CODE = YES;
				CLANG_WARN__DUPLICATE_METHOD_MATCH = YES;
				COPY_PHASE_STRIP = NO;
				DEBUG_INFORMATION_FORMAT = "dwarf-with-dsym";
				ENABLE_NS_ASSERTIONS = NO;
				ENABLE_STRICT_OBJC_MSGSEND = YES;
				GCC_C_LANGUAGE_STANDARD = gnu11;
				GCC_NO_COMMON_BLOCKS = YES;
				GCC_WARN_64_TO_32_BIT_CONVERSION = YES;
				GCC_WARN_ABOUT_RETURN_TYPE = YES_ERROR;
				GCC_WARN_UNDECLARED_SELECTOR = YES;
				GCC_WARN_UNINITIALIZED_AUTOS = YES_AGGRESSIVE;
				GCC_WARN_UNUSED_FUNCTION = YES;
				GCC_WARN_UNUSED_VARIABLE = YES;
				IPHONEOS_DEPLOYMENT_TARGET = 16.4;
				MTL_ENABLE_DEBUG_INFO = NO;
				MTL_FAST_MATH = YES;
				SDKROOT = iphoneos;
				SWIFT_COMPILATION_MODE = wholemodule;
				SWIFT_OPTIMIZATION_LEVEL = "-O";
				VALIDATE_PRODUCT = YES;
			};
			name = Release;
		};
		02AF22A52A6592EF00304857 /* Debug */ = {
			isa = XCBuildConfiguration;
			buildSettings = {
				ASSETCATALOG_COMPILER_APPICON_NAME = AppIcon;
				ASSETCATALOG_COMPILER_GLOBAL_ACCENT_COLOR_NAME = AccentColor;
				CODE_SIGN_STYLE = Automatic;
				CURRENT_PROJECT_VERSION = 1;
				DEVELOPMENT_ASSET_PATHS = "\"FinalProject/Preview Content\"";
				ENABLE_PREVIEWS = YES;
				GENERATE_INFOPLIST_FILE = YES;
				INFOPLIST_KEY_UIApplicationSceneManifest_Generation = YES;
				INFOPLIST_KEY_UIApplicationSupportsIndirectInputEvents = YES;
				INFOPLIST_KEY_UILaunchScreen_Generation = YES;
				INFOPLIST_KEY_UISupportedInterfaceOrientations_iPad = "UIInterfaceOrientationPortrait UIInterfaceOrientationPortraitUpsideDown UIInterfaceOrientationLandscapeLeft UIInterfaceOrientationLandscapeRight";
				INFOPLIST_KEY_UISupportedInterfaceOrientations_iPhone = "UIInterfaceOrientationPortrait UIInterfaceOrientationLandscapeLeft UIInterfaceOrientationLandscapeRight";
				LD_RUNPATH_SEARCH_PATHS = (
					"$(inherited)",
					"@executable_path/Frameworks",
				);
				MARKETING_VERSION = 1.0;
				PRODUCT_BUNDLE_IDENTIFIER = kwk.FinalProject;
				PRODUCT_NAME = "$(TARGET_NAME)";
				SWIFT_EMIT_LOC_STRINGS = YES;
				SWIFT_VERSION = 5.0;
				TARGETED_DEVICE_FAMILY = "1,2";
			};
			name = Debug;
		};
		02AF22A62A6592EF00304857 /* Release */ = {
			isa = XCBuildConfiguration;
			buildSettings = {
				ASSETCATALOG_COMPILER_APPICON_NAME = AppIcon;
				ASSETCATALOG_COMPILER_GLOBAL_ACCENT_COLOR_NAME = AccentColor;
				CODE_SIGN_STYLE = Automatic;
				CURRENT_PROJECT_VERSION = 1;
				DEVELOPMENT_ASSET_PATHS = "\"FinalProject/Preview Content\"";
				ENABLE_PREVIEWS = YES;
				GENERATE_INFOPLIST_FILE = YES;
				INFOPLIST_KEY_UIApplicationSceneManifest_Generation = YES;
				INFOPLIST_KEY_UIApplicationSupportsIndirectInputEvents = YES;
				INFOPLIST_KEY_UILaunchScreen_Generation = YES;
				INFOPLIST_KEY_UISupportedInterfaceOrientations_iPad = "UIInterfaceOrientationPortrait UIInterfaceOrientationPortraitUpsideDown UIInterfaceOrientationLandscapeLeft UIInterfaceOrientationLandscapeRight";
				INFOPLIST_KEY_UISupportedInterfaceOrientations_iPhone = "UIInterfaceOrientationPortrait UIInterfaceOrientationLandscapeLeft UIInterfaceOrientationLandscapeRight";
				LD_RUNPATH_SEARCH_PATHS = (
					"$(inherited)",
					"@executable_path/Frameworks",
				);
				MARKETING_VERSION = 1.0;
				PRODUCT_BUNDLE_IDENTIFIER = kwk.FinalProject;
				PRODUCT_NAME = "$(TARGET_NAME)";
				SWIFT_EMIT_LOC_STRINGS = YES;
				SWIFT_VERSION = 5.0;
				TARGETED_DEVICE_FAMILY = "1,2";
			};
			name = Release;
		};
/* End XCBuildConfiguration section */

/* Begin XCConfigurationList section */
		02AF22912A6592ED00304857 /* Build configuration list for PBXProject "FinalProject" */ = {
			isa = XCConfigurationList;
			buildConfigurations = (
				02AF22A22A6592EF00304857 /* Debug */,
				02AF22A32A6592EF00304857 /* Release */,
			);
			defaultConfigurationIsVisible = 0;
			defaultConfigurationName = Release;
		};
		02AF22A42A6592EF00304857 /* Build configuration list for PBXNativeTarget "FinalProject" */ = {
			isa = XCConfigurationList;
			buildConfigurations = (
				02AF22A52A6592EF00304857 /* Debug */,
				02AF22A62A6592EF00304857 /* Release */,
			);
			defaultConfigurationIsVisible = 0;
			defaultConfigurationName = Release;
		};
/* End XCConfigurationList section */
	};
	rootObject = 02AF228E2A6592ED00304857 /* Project object */;
}
